Microsoft Visual Studio Solution File, Format Version 12.00
# Visual Studio Version 18
VisualStudioVersion = 18.1.11312.151 d18.0
MinimumVisualStudioVersion = 10.0.40219.1
Project("{FAE04EC0-301F-11D3-BF4B-00C04F79EFBC}") = "SpotifyNowPlayingScreensaver", "SpotifyNowPlayingScreensaver.csproj", "{9C72CA27-2D2C-4FF3-5C0E-F7F360308BA3}"
EndProject
Global
	GlobalSection(SolutionConfigurationPlatforms) = preSolution
		Debug|Any CPU = Debug|Any CPU
		Release|Any CPU = Release|Any CPU
	EndGlobalSection
	GlobalSection(ProjectConfigurationPlatforms) = postSolution
		{9C72CA27-2D2C-4FF3-5C0E-F7F360308BA3}.Debug|Any CPU.ActiveCfg = Staging|Any CPU
		{9C72CA27-2D2C-4FF3-5C0E-F7F360308BA3}.Debug|Any CPU.Build.0 = Staging|Any CPU
		{9C72CA27-2D2C-4FF3-5C0E-F7F360308BA3}.Release|Any CPU.ActiveCfg = Release|Any CPU
		{9C72CA27-2D2C-4FF3-5C0E-F7F360308BA3}.Release|Any CPU.Build.0 = Release|Any CPU
	EndGlobalSection
	GlobalSection(SolutionProperties) = preSolution
		HideSolutionNode = FALSE
	EndGlobalSection
	GlobalSection(ExtensibilityGlobals) = postSolution
		SolutionGuid = {D6D5DF46-1AFC-4E93-BE77-4A0FBE815C59}
	EndGlobalSection
EndGlobal
